// !$*UTF8*$!
{
	archiveVersion = 1;
	classes = {
	};
	objectVersion = 77;
	objects = {

/* Begin PBXBuildFile section */
		FC41A4E12D7B769400CCE729 /* GoogleService-Info.plist in Resources */ = {isa = PBXBuildFile; fileRef = FC41A4E02D7B769400CCE729 /* GoogleService-Info.plist */; };
		FC41A4E22D7B769400CCE729 /* GoogleService-Info.plist in Resources */ = {isa = PBXBuildFile; fileRef = FC41A4E02D7B769400CCE729 /* GoogleService-Info.plist */; };
		FC41A4E32D7B769400CCE729 /* GoogleService-Info.plist in Resources */ = {isa = PBXBuildFile; fileRef = FC41A4E02D7B769400CCE729 /* GoogleService-Info.plist */; };
		FC41A4E62D7B773900CCE729 /* FirebaseAnalytics in Frameworks */ = {isa = PBXBuildFile; productRef = FC41A4E52D7B773900CCE729 /* FirebaseAnalytics */; };
		FC41A4E92D7B774F00CCE729 /* FirebaseAuth in Frameworks */ = {isa = PBXBuildFile; productRef = FC41A4E82D7B774F00CCE729 /* FirebaseAuth */; };
		FC41A4EB2D7B775500CCE729 /* FirebaseCore in Frameworks */ = {isa = PBXBuildFile; productRef = FC41A4EA2D7B775500CCE729 /* FirebaseCore */; };
		FC41A4ED2D7B775E00CCE729 /* FirebaseFirestore in Frameworks */ = {isa = PBXBuildFile; productRef = FC41A4EC2D7B775E00CCE729 /* FirebaseFirestore */; };
/* End PBXBuildFile section */

/* Begin PBXContainerItemProxy section */
		FC98DDBA2D55A54D001DF1D4 /* PBXContainerItemProxy */ = {
			isa = PBXContainerItemProxy;
			containerPortal = FC98DDA12D55A54C001DF1D4 /* Project object */;
			proxyType = 1;
			remoteGlobalIDString = FC98DDA82D55A54C001DF1D4;
			remoteInfo = SocialMediaYT;
		};
		FC98DDC42D55A54D001DF1D4 /* PBXContainerItemProxy */ = {
			isa = PBXContainerItemProxy;
			containerPortal = FC98DDA12D55A54C001DF1D4 /* Project object */;
			proxyType = 1;
			remoteGlobalIDString = FC98DDA82D55A54C001DF1D4;
			remoteInfo = SocialMediaYT;
		};
/* End PBXContainerItemProxy section */

/* Begin PBXFileReference section */
		FC41A4E02D7B769400CCE729 /* GoogleService-Info.plist */ = {isa = PBXFileReference; lastKnownFileType = text.plist.xml; path = "GoogleService-Info.plist"; sourceTree = "<group>"; };
		FC98DDA92D55A54C001DF1D4 /* SocialMediaYT.app */ = {isa = PBXFileReference; explicitFileType = wrapper.application; includeInIndex = 0; path = SocialMediaYT.app; sourceTree = BUILT_PRODUCTS_DIR; };
		FC98DDB92D55A54D001DF1D4 /* SocialMediaYTTests.xctest */ = {isa = PBXFileReference; explicitFileType = wrapper.cfbundle; includeInIndex = 0; path = SocialMediaYTTests.xctest; sourceTree = BUILT_PRODUCTS_DIR; };
		FC98DDC32D55A54D001DF1D4 /* SocialMediaYTUITests.xctest */ = {isa = PBXFileReference; explicitFileType = wrapper.cfbundle; includeInIndex = 0; path = SocialMediaYTUITests.xctest; sourceTree = BUILT_PRODUCTS_DIR; };
/* End PBXFileReference section */

/* Begin PBXFileSystemSynchronizedRootGroup section */
		FC98DDAB2D55A54C001DF1D4 /* SocialMediaYT */ = {
			isa = PBXFileSystemSynchronizedRootGroup;
			path = SocialMediaYT;
			sourceTree = "<group>";
		};
		FC98DDBC2D55A54D001DF1D4 /* SocialMediaYTTests */ = {
			isa = PBXFileSystemSynchronizedRootGroup;
			path = SocialMediaYTTests;
			sourceTree = "<group>";
		};
		FC98DDC62D55A54D001DF1D4 /* SocialMediaYTUITests */ = {
			isa = PBXFileSystemSynchronizedRootGroup;
			path = SocialMediaYTUITests;
			sourceTree = "<group>";
		};
/* End PBXFileSystemSynchronizedRootGroup section */

/* Begin PBXFrameworksBuildPhase section */
		FC98DDA62D55A54C001DF1D4 /* Frameworks */ = {
			isa = PBXFrameworksBuildPhase;
			buildActionMask = 2147483647;
			files = (
				FC41A4E62D7B773900CCE729 /* FirebaseAnalytics in Frameworks */,
				FC41A4ED2D7B775E00CCE729 /* FirebaseFirestore in Frameworks */,
				FC41A4EB2D7B775500CCE729 /* FirebaseCore in Frameworks */,
				FC41A4E92D7B774F00CCE729 /* FirebaseAuth in Frameworks */,
			);
			runOnlyForDeploymentPostprocessing = 0;
		};
		FC98DDB62D55A54D001DF1D4 /* Frameworks */ = {
			isa = PBXFrameworksBuildPhase;
			buildActionMask = 2147483647;
			files = (
			);
			runOnlyForDeploymentPostprocessing = 0;
		};
		FC98DDC02D55A54D001DF1D4 /* Frameworks */ = {
			isa = PBXFrameworksBuildPhase;
			buildActionMask = 2147483647;
			files = (
			);
			runOnlyForDeploymentPostprocessing = 0;
		};
/* End PBXFrameworksBuildPhase section */

/* Begin PBXGroup section */
		FC41A4E72D7B774F00CCE729 /* Frameworks */ = {
			isa = PBXGroup;
			children = (
			);
			name = Frameworks;
			sourceTree = "<group>";
		};
		FC98DDA02D55A54C001DF1D4 = {
			isa = PBXGroup;
			children = (
				FC98DDAB2D55A54C001DF1D4 /* SocialMediaYT */,
				FC98DDBC2D55A54D001DF1D4 /* SocialMediaYTTests */,
				FC98DDC62D55A54D001DF1D4 /* SocialMediaYTUITests */,
				FC98DDAA2D55A54C001DF1D4 /* Products */,
				FC41A4E02D7B769400CCE729 /* GoogleService-Info.plist */,
				FC41A4E72D7B774F00CCE729 /* Frameworks */,
			);
			sourceTree = "<group>";
		};
		FC98DDAA2D55A54C001DF1D4 /* Products */ = {
			isa = PBXGroup;
			children = (
				FC98DDA92D55A54C001DF1D4 /* SocialMediaYT.app */,
				FC98DDB92D55A54D001DF1D4 /* SocialMediaYTTests.xctest */,
				FC98DDC32D55A54D001DF1D4 /* SocialMediaYTUITests.xctest */,
			);
			name = Products;
			sourceTree = "<group>";
		};
/* End PBXGroup section */

/* Begin PBXNativeTarget section */
		FC98DDA82D55A54C001DF1D4 /* SocialMediaYT */ = {
			isa = PBXNativeTarget;
			buildConfigurationList = FC98DDCD2D55A54D001DF1D4 /* Build configuration list for PBXNativeTarget "SocialMediaYT" */;
			buildPhases = (
				FC98DDA52D55A54C001DF1D4 /* Sources */,
				FC98DDA62D55A54C001DF1D4 /* Frameworks */,
				FC98DDA72D55A54C001DF1D4 /* Resources */,
			);
			buildRules = (
			);
			dependencies = (
			);
			fileSystemSynchronizedGroups = (
				FC98DDAB2D55A54C001DF1D4 /* SocialMediaYT */,
			);
			name = SocialMediaYT;
			packageProductDependencies = (
				FC41A4E52D7B773900CCE729 /* FirebaseAnalytics */,
				FC41A4E82D7B774F00CCE729 /* FirebaseAuth */,
				FC41A4EA2D7B775500CCE729 /* FirebaseCore */,
				FC41A4EC2D7B775E00CCE729 /* FirebaseFirestore */,
			);
			productName = SocialMediaYT;
			productReference = FC98DDA92D55A54C001DF1D4 /* SocialMediaYT.app */;
			productType = "com.apple.product-type.application";
		};
		FC98DDB82D55A54D001DF1D4 /* SocialMediaYTTests */ = {
			isa = PBXNativeTarget;
			buildConfigurationList = FC98DDD02D55A54D001DF1D4 /* Build configuration list for PBXNativeTarget "SocialMediaYTTests" */;
			buildPhases = (
				FC98DDB52D55A54D001DF1D4 /* Sources */,
				FC98DDB62D55A54D001DF1D4 /* Frameworks */,
				FC98DDB72D55A54D001DF1D4 /* Resources */,
			);
			buildRules = (
			);
			dependencies = (
				FC98DDBB2D55A54D001DF1D4 /* PBXTargetDependency */,
			);
			fileSystemSynchronizedGroups = (
				FC98DDBC2D55A54D001DF1D4 /* SocialMediaYTTests */,
			);
			name = SocialMediaYTTests;
			packageProductDependencies = (
			);
			productName = SocialMediaYTTests;
			productReference = FC98DDB92D55A54D001DF1D4 /* SocialMediaYTTests.xctest */;
			productType = "com.apple.product-type.bundle.unit-test";
		};
		FC98DDC22D55A54D001DF1D4 /* SocialMediaYTUITests */ = {
			isa = PBXNativeTarget;
			buildConfigurationList = FC98DDD32D55A54D001DF1D4 /* Build configuration list for PBXNativeTarget "SocialMediaYTUITests" */;
			buildPhases = (
				FC98DDBF2D55A54D001DF1D4 /* Sources */,
				FC98DDC02D55A54D001DF1D4 /* Frameworks */,
				FC98DDC12D55A54D001DF1D4 /* Resources */,
			);
			buildRules = (
			);
			dependencies = (
				FC98DDC52D55A54D001DF1D4 /* PBXTargetDependency */,
			);
			fileSystemSynchronizedGroups = (
				FC98DDC62D55A54D001DF1D4 /* SocialMediaYTUITests */,
			);
			name = SocialMediaYTUITests;
			packageProductDependencies = (
			);
			productName = SocialMediaYTUITests;
			productReference = FC98DDC32D55A54D001DF1D4 /* SocialMediaYTUITests.xctest */;
			productType = "com.apple.product-type.bundle.ui-testing";
		};
/* End PBXNativeTarget section */

/* Begin PBXProject section */
		FC98DDA12D55A54C001DF1D4 /* Project object */ = {
			isa = PBXProject;
			attributes = {
				BuildIndependentTargetsInParallel = 1;
				LastSwiftUpdateCheck = 1620;
				LastUpgradeCheck = 1620;
				TargetAttributes = {
					FC98DDA82D55A54C001DF1D4 = {
						CreatedOnToolsVersion = 16.2;
					};
					FC98DDB82D55A54D001DF1D4 = {
						CreatedOnToolsVersion = 16.2;
						TestTargetID = FC98DDA82D55A54C001DF1D4;
					};
					FC98DDC22D55A54D001DF1D4 = {
						CreatedOnToolsVersion = 16.2;
						TestTargetID = FC98DDA82D55A54C001DF1D4;
					};
				};
			};
			buildConfigurationList = FC98DDA42D55A54C001DF1D4 /* Build configuration list for PBXProject "SocialMediaYT" */;
			developmentRegion = en;
			hasScannedForEncodings = 0;
			knownRegions = (
				en,
				Base,
			);
			mainGroup = FC98DDA02D55A54C001DF1D4;
			minimizedProjectReferenceProxies = 1;
			packageReferences = (
				FC41A4E42D7B773900CCE729 /* XCRemoteSwiftPackageReference "firebase-ios-sdk" */,
			);
			preferredProjectObjectVersion = 77;
			productRefGroup = FC98DDAA2D55A54C001DF1D4 /* Products */;
			projectDirPath = "";
			projectRoot = "";
			targets = (
				FC98DDA82D55A54C001DF1D4 /* SocialMediaYT */,
				FC98DDB82D55A54D001DF1D4 /* SocialMediaYTTests */,
				FC98DDC22D55A54D001DF1D4 /* SocialMediaYTUITests */,
			);
		};
/* End PBXProject section */

/* Begin PBXResourcesBuildPhase section */
		FC98DDA72D55A54C001DF1D4 /* Resources */ = {
			isa = PBXResourcesBuildPhase;
			buildActionMask = 2147483647;
			files = (
				FC41A4E22D7B769400CCE729 /* GoogleService-Info.plist in Resources */,
			);
			runOnlyForDeploymentPostprocessing = 0;
		};
		FC98DDB72D55A54D001DF1D4 /* Resources */ = {
			isa = PBXResourcesBuildPhase;
			buildActionMask = 2147483647;
			files = (
				FC41A4E12D7B769400CCE729 /* GoogleService-Info.plist in Resources */,
			);
			runOnlyForDeploymentPostprocessing = 0;
		};
		FC98DDC12D55A54D001DF1D4 /* Resources */ = {
			isa = PBXResourcesBuildPhase;
			buildActionMask = 2147483647;
			files = (
				FC41A4E32D7B769400CCE729 /* GoogleService-Info.plist in Resources */,
			);
			runOnlyForDeploymentPostprocessing = 0;
		};
/* End PBXResourcesBuildPhase section */

/* Begin PBXSourcesBuildPhase section */
		FC98DDA52D55A54C001DF1D4 /* Sources */ = {
			isa = PBXSourcesBuildPhase;
			buildActionMask = 2147483647;
			files = (
			);
			runOnlyForDeploymentPostprocessing = 0;
		};
		FC98DDB52D55A54D001DF1D4 /* Sources */ = {
			isa = PBXSourcesBuildPhase;
			buildActionMask = 2147483647;
			files = (
			);
			runOnlyForDeploymentPostprocessing = 0;
		};
		FC98DDBF2D55A54D001DF1D4 /* Sources */ = {
			isa = PBXSourcesBuildPhase;
			buildActionMask = 2147483647;
			files = (
			);
			runOnlyForDeploymentPostprocessing = 0;
		};
/* End PBXSourcesBuildPhase section */

/* Begin PBXTargetDependency section */
		FC98DDBB2D55A54D001DF1D4 /* PBXTargetDependency */ = {
			isa = PBXTargetDependency;
			target = FC98DDA82D55A54C001DF1D4 /* SocialMediaYT */;
			targetProxy = FC98DDBA2D55A54D001DF1D4 /* PBXContainerItemProxy */;
		};
		FC98DDC52D55A54D001DF1D4 /* PBXTargetDependency */ = {
			isa = PBXTargetDependency;
			target = FC98DDA82D55A54C001DF1D4 /* SocialMediaYT */;
			targetProxy = FC98DDC42D55A54D001DF1D4 /* PBXContainerItemProxy */;
		};
/* End PBXTargetDependency section */

/* Begin XCBuildConfiguration section */
		FC98DDCB2D55A54D001DF1D4 /* Debug */ = {
			isa = XCBuildConfiguration;
			buildSettings = {
				ALWAYS_SEARCH_USER_PATHS = NO;
				ASSETCATALOG_COMPILER_GENERATE_SWIFT_ASSET_SYMBOL_EXTENSIONS = YES;
				CLANG_ANALYZER_NONNULL = YES;
				CLANG_ANALYZER_NUMBER_OBJECT_CONVERSION = YES_AGGRESSIVE;
				CLANG_CXX_LANGUAGE_STANDARD = "gnu++20";
				CLANG_ENABLE_MODULES = YES;
				CLANG_ENABLE_OBJC_ARC = YES;
				CLANG_ENABLE_OBJC_WEAK = YES;
				CLANG_WARN_BLOCK_CAPTURE_AUTORELEASING = YES;
				CLANG_WARN_BOOL_CONVERSION = YES;
				CLANG_WARN_COMMA = YES;
				CLANG_WARN_CONSTANT_CONVERSION = YES;
				CLANG_WARN_DEPRECATED_OBJC_IMPLEMENTATIONS = YES;
				CLANG_WARN_DIRECT_OBJC_ISA_USAGE = YES_ERROR;
				CLANG_WARN_DOCUMENTATION_COMMENTS = YES;
				CLANG_WARN_EMPTY_BODY = YES;
				CLANG_WARN_ENUM_CONVERSION = YES;
				CLANG_WARN_INFINITE_RECURSION = YES;
				CLANG_WARN_INT_CONVERSION = YES;
				CLANG_WARN_NON_LITERAL_NULL_CONVERSION = YES;
				CLANG_WARN_OBJC_IMPLICIT_RETAIN_SELF = YES;
				CLANG_WARN_OBJC_LITERAL_CONVERSION = YES;
				CLANG_WARN_OBJC_ROOT_CLASS = YES_ERROR;
				CLANG_WARN_QUOTED_INCLUDE_IN_FRAMEWORK_HEADER = YES;
				CLANG_WARN_RANGE_LOOP_ANALYSIS = YES;
				CLANG_WARN_STRICT_PROTOTYPES = YES;
				CLANG_WARN_SUSPICIOUS_MOVE = YES;
				CLANG_WARN_UNGUARDED_AVAILABILITY = YES_AGGRESSIVE;
				CLANG_WARN_UNREACHABLE_CODE = YES;
				CLANG_WARN__DUPLICATE_METHOD_MATCH = YES;
				COPY_PHASE_STRIP = NO;
				DEBUG_INFORMATION_FORMAT = dwarf;
				ENABLE_STRICT_OBJC_MSGSEND = YES;
				ENABLE_TESTABILITY = YES;
				ENABLE_USER_SCRIPT_SANDBOXING = YES;
				GCC_C_LANGUAGE_STANDARD = gnu17;
				GCC_DYNAMIC_NO_PIC = NO;
				GCC_NO_COMMON_BLOCKS = YES;
				GCC_OPTIMIZATION_LEVEL = 0;
				GCC_PREPROCESSOR_DEFINITIONS = (
					"DEBUG=1",
					"$(inherited)",
				);
				GCC_WARN_64_TO_32_BIT_CONVERSION = YES;
				GCC_WARN_ABOUT_RETURN_TYPE = YES_ERROR;
				GCC_WARN_UNDECLARED_SELECTOR = YES;
				GCC_WARN_UNINITIALIZED_AUTOS = YES_AGGRESSIVE;
				GCC_WARN_UNUSED_FUNCTION = YES;
				GCC_WARN_UNUSED_VARIABLE = YES;
				IPHONEOS_DEPLOYMENT_TARGET = 18.2;
				LOCALIZATION_PREFERS_STRING_CATALOGS = YES;
				MTL_ENABLE_DEBUG_INFO = INCLUDE_SOURCE;
				MTL_FAST_MATH = YES;
				ONLY_ACTIVE_ARCH = YES;
				SDKROOT = iphoneos;
				SWIFT_ACTIVE_COMPILATION_CONDITIONS = "DEBUG $(inherited)";
				SWIFT_OPTIMIZATION_LEVEL = "-Onone";
			};
			name = Debug;
		};
		FC98DDCC2D55A54D001DF1D4 /* Release */ = {
			isa = XCBuildConfiguration;
			buildSettings = {
				ALWAYS_SEARCH_USER_PATHS = NO;
				ASSETCATALOG_COMPILER_GENERATE_SWIFT_ASSET_SYMBOL_EXTENSIONS = YES;
				CLANG_ANALYZER_NONNULL = YES;
				CLANG_ANALYZER_NUMBER_OBJECT_CONVERSION = YES_AGGRESSIVE;
				CLANG_CXX_LANGUAGE_STANDARD = "gnu++20";
				CLANG_ENABLE_MODULES = YES;
				CLANG_ENABLE_OBJC_ARC = YES;
				CLANG_ENABLE_OBJC_WEAK = YES;
				CLANG_WARN_BLOCK_CAPTURE_AUTORELEASING = YES;
				CLANG_WARN_BOOL_CONVERSION = YES;
				CLANG_WARN_COMMA = YES;
				CLANG_WARN_CONSTANT_CONVERSION = YES;
				CLANG_WARN_DEPRECATED_OBJC_IMPLEMENTATIONS = YES;
				CLANG_WARN_DIRECT_OBJC_ISA_USAGE = YES_ERROR;
				CLANG_WARN_DOCUMENTATION_COMMENTS = YES;
				CLANG_WARN_EMPTY_BODY = YES;
				CLANG_WARN_ENUM_CONVERSION = YES;
				CLANG_WARN_INFINITE_RECURSION = YES;
				CLANG_WARN_INT_CONVERSION = YES;
				CLANG_WARN_NON_LITERAL_NULL_CONVERSION = YES;
				CLANG_WARN_OBJC_IMPLICIT_RETAIN_SELF = YES;
				CLANG_WARN_OBJC_LITERAL_CONVERSION = YES;
				CLANG_WARN_OBJC_ROOT_CLASS = YES_ERROR;
				CLANG_WARN_QUOTED_INCLUDE_IN_FRAMEWORK_HEADER = YES;
				CLANG_WARN_RANGE_LOOP_ANALYSIS = YES;
				CLANG_WARN_STRICT_PROTOTYPES = YES;
				CLANG_WARN_SUSPICIOUS_MOVE = YES;
				CLANG_WARN_UNGUARDED_AVAILABILITY = YES_AGGRESSIVE;
				CLANG_WARN_UNREACHABLE_CODE = YES;
				CLANG_WARN__DUPLICATE_METHOD_MATCH = YES;
				COPY_PHASE_STRIP = NO;
				DEBUG_INFORMATION_FORMAT = "dwarf-with-dsym";
				ENABLE_NS_ASSERTIONS = NO;
				ENABLE_STRICT_OBJC_MSGSEND = YES;
				ENABLE_USER_SCRIPT_SANDBOXING = YES;
				GCC_C_LANGUAGE_STANDARD = gnu17;
				GCC_NO_COMMON_BLOCKS = YES;
				GCC_WARN_64_TO_32_BIT_CONVERSION = YES;
				GCC_WARN_ABOUT_RETURN_TYPE = YES_ERROR;
				GCC_WARN_UNDECLARED_SELECTOR = YES;
				GCC_WARN_UNINITIALIZED_AUTOS = YES_AGGRESSIVE;
				GCC_WARN_UNUSED_FUNCTION = YES;
				GCC_WARN_UNUSED_VARIABLE = YES;
				IPHONEOS_DEPLOYMENT_TARGET = 18.2;
				LOCALIZATION_PREFERS_STRING_CATALOGS = YES;
				MTL_ENABLE_DEBUG_INFO = NO;
				MTL_FAST_MATH = YES;
				SDKROOT = iphoneos;
				SWIFT_COMPILATION_MODE = wholemodule;
				VALIDATE_PRODUCT = YES;
			};
			name = Release;
		};
		FC98DDCE2D55A54D001DF1D4 /* Debug */ = {
			isa = XCBuildConfiguration;
			buildSettings = {
				ASSETCATALOG_COMPILER_APPICON_NAME = AppIcon;
				ASSETCATALOG_COMPILER_GLOBAL_ACCENT_COLOR_NAME = AccentColor;
				CODE_SIGN_STYLE = Automatic;
				CURRENT_PROJECT_VERSION = 1;
				DEVELOPMENT_ASSET_PATHS = "\"SocialMediaYT/Preview Content\"";
				ENABLE_PREVIEWS = YES;
				GENERATE_INFOPLIST_FILE = YES;
				INFOPLIST_KEY_UIApplicationSceneManifest_Generation = YES;
				INFOPLIST_KEY_UIApplicationSupportsIndirectInputEvents = YES;
				INFOPLIST_KEY_UILaunchScreen_Generation = YES;
				INFOPLIST_KEY_UISupportedInterfaceOrientations_iPad = "UIInterfaceOrientationPortrait UIInterfaceOrientationPortraitUpsideDown UIInterfaceOrientationLandscapeLeft UIInterfaceOrientationLandscapeRight";
				INFOPLIST_KEY_UISupportedInterfaceOrientations_iPhone = "UIInterfaceOrientationPortrait UIInterfaceOrientationLandscapeLeft UIInterfaceOrientationLandscapeRight";
				LD_RUNPATH_SEARCH_PATHS = (
					"$(inherited)",
					"@executable_path/Frameworks",
				);
				MARKETING_VERSION = 1.0;
				PRODUCT_BUNDLE_IDENTIFIER = serafinoPampena.SocialMediaYT;
				PRODUCT_NAME = "$(TARGET_NAME)";
				SWIFT_EMIT_LOC_STRINGS = YES;
				SWIFT_VERSION = 5.0;
				TARGETED_DEVICE_FAMILY = "1,2";
			};
			name = Debug;
		};
		FC98DDCF2D55A54D001DF1D4 /* Release */ = {
			isa = XCBuildConfiguration;
			buildSettings = {
				ASSETCATALOG_COMPILER_APPICON_NAME = AppIcon;
				ASSETCATALOG_COMPILER_GLOBAL_ACCENT_COLOR_NAME = AccentColor;
				CODE_SIGN_STYLE = Automatic;
				CURRENT_PROJECT_VERSION = 1;
				DEVELOPMENT_ASSET_PATHS = "\"SocialMediaYT/Preview Content\"";
				ENABLE_PREVIEWS = YES;
				GENERATE_INFOPLIST_FILE = YES;
				INFOPLIST_KEY_UIApplicationSceneManifest_Generation = YES;
				INFOPLIST_KEY_UIApplicationSupportsIndirectInputEvents = YES;
				INFOPLIST_KEY_UILaunchScreen_Generation = YES;
				INFOPLIST_KEY_UISupportedInterfaceOrientations_iPad = "UIInterfaceOrientationPortrait UIInterfaceOrientationPortraitUpsideDown UIInterfaceOrientationLandscapeLeft UIInterfaceOrientationLandscapeRight";
				INFOPLIST_KEY_UISupportedInterfaceOrientations_iPhone = "UIInterfaceOrientationPortrait UIInterfaceOrientationLandscapeLeft UIInterfaceOrientationLandscapeRight";
				LD_RUNPATH_SEARCH_PATHS = (
					"$(inherited)",
					"@executable_path/Frameworks",
				);
				MARKETING_VERSION = 1.0;
				PRODUCT_BUNDLE_IDENTIFIER = serafinoPampena.SocialMediaYT;
				PRODUCT_NAME = "$(TARGET_NAME)";
				SWIFT_EMIT_LOC_STRINGS = YES;
				SWIFT_VERSION = 5.0;
				TARGETED_DEVICE_FAMILY = "1,2";
			};
			name = Release;
		};
		FC98DDD12D55A54D001DF1D4 /* Debug */ = {
			isa = XCBuildConfiguration;
			buildSettings = {
				BUNDLE_LOADER = "$(TEST_HOST)";
				CODE_SIGN_STYLE = Automatic;
				CURRENT_PROJECT_VERSION = 1;
				GENERATE_INFOPLIST_FILE = YES;
				IPHONEOS_DEPLOYMENT_TARGET = 18.2;
				MARKETING_VERSION = 1.0;
				PRODUCT_BUNDLE_IDENTIFIER = serafinoPampena.SocialMediaYTTests;
				PRODUCT_NAME = "$(TARGET_NAME)";
				SWIFT_EMIT_LOC_STRINGS = NO;
				SWIFT_VERSION = 5.0;
				TARGETED_DEVICE_FAMILY = "1,2";
				TEST_HOST = "$(BUILT_PRODUCTS_DIR)/SocialMediaYT.app/$(BUNDLE_EXECUTABLE_FOLDER_PATH)/SocialMediaYT";
			};
			name = Debug;
		};
		FC98DDD22D55A54D001DF1D4 /* Release */ = {
			isa = XCBuildConfiguration;
			buildSettings = {
				BUNDLE_LOADER = "$(TEST_HOST)";
				CODE_SIGN_STYLE = Automatic;
				CURRENT_PROJECT_VERSION = 1;
				GENERATE_INFOPLIST_FILE = YES;
				IPHONEOS_DEPLOYMENT_TARGET = 18.2;
				MARKETING_VERSION = 1.0;
				PRODUCT_BUNDLE_IDENTIFIER = serafinoPampena.SocialMediaYTTests;
				PRODUCT_NAME = "$(TARGET_NAME)";
				SWIFT_EMIT_LOC_STRINGS = NO;
				SWIFT_VERSION = 5.0;
				TARGETED_DEVICE_FAMILY = "1,2";
				TEST_HOST = "$(BUILT_PRODUCTS_DIR)/SocialMediaYT.app/$(BUNDLE_EXECUTABLE_FOLDER_PATH)/SocialMediaYT";
			};
			name = Release;
		};
		FC98DDD42D55A54D001DF1D4 /* Debug */ = {
			isa = XCBuildConfiguration;
			buildSettings = {
				CODE_SIGN_STYLE = Automatic;
				CURRENT_PROJECT_VERSION = 1;
				GENERATE_INFOPLIST_FILE = YES;
				MARKETING_VERSION = 1.0;
				PRODUCT_BUNDLE_IDENTIFIER = serafinoPampena.SocialMediaYTUITests;
				PRODUCT_NAME = "$(TARGET_NAME)";
				SWIFT_EMIT_LOC_STRINGS = NO;
				SWIFT_VERSION = 5.0;
				TARGETED_DEVICE_FAMILY = "1,2";
				TEST_TARGET_NAME = SocialMediaYT;
			};
			name = Debug;
		};
		FC98DDD52D55A54D001DF1D4 /* Release */ = {
			isa = XCBuildConfiguration;
			buildSettings = {
				CODE_SIGN_STYLE = Automatic;
				CURRENT_PROJECT_VERSION = 1;
				GENERATE_INFOPLIST_FILE = YES;
				MARKETING_VERSION = 1.0;
				PRODUCT_BUNDLE_IDENTIFIER = serafinoPampena.SocialMediaYTUITests;
				PRODUCT_NAME = "$(TARGET_NAME)";
				SWIFT_EMIT_LOC_STRINGS = NO;
				SWIFT_VERSION = 5.0;
				TARGETED_DEVICE_FAMILY = "1,2";
				TEST_TARGET_NAME = SocialMediaYT;
			};
			name = Release;
		};
/* End XCBuildConfiguration section */

/* Begin XCConfigurationList section */
		FC98DDA42D55A54C001DF1D4 /* Build configuration list for PBXProject "SocialMediaYT" */ = {
			isa = XCConfigurationList;
			buildConfigurations = (
				FC98DDCB2D55A54D001DF1D4 /* Debug */,
				FC98DDCC2D55A54D001DF1D4 /* Release */,
			);
			defaultConfigurationIsVisible = 0;
			defaultConfigurationName = Release;
		};
		FC98DDCD2D55A54D001DF1D4 /* Build configuration list for PBXNativeTarget "SocialMediaYT" */ = {
			isa = XCConfigurationList;
			buildConfigurations = (
				FC98DDCE2D55A54D001DF1D4 /* Debug */,
				FC98DDCF2D55A54D001DF1D4 /* Release */,
			);
			defaultConfigurationIsVisible = 0;
			defaultConfigurationName = Release;
		};
		FC98DDD02D55A54D001DF1D4 /* Build configuration list for PBXNativeTarget "SocialMediaYTTests" */ = {
			isa = XCConfigurationList;
			buildConfigurations = (
				FC98DDD12D55A54D001DF1D4 /* Debug */,
				FC98DDD22D55A54D001DF1D4 /* Release */,
			);
			defaultConfigurationIsVisible = 0;
			defaultConfigurationName = Release;
		};
		FC98DDD32D55A54D001DF1D4 /* Build configuration list for PBXNativeTarget "SocialMediaYTUITests" */ = {
			isa = XCConfigurationList;
			buildConfigurations = (
				FC98DDD42D55A54D001DF1D4 /* Debug */,
				FC98DDD52D55A54D001DF1D4 /* Release */,
			);
			defaultConfigurationIsVisible = 0;
			defaultConfigurationName = Release;
		};
/* End XCConfigurationList section */

/* Begin XCRemoteSwiftPackageReference section */
		FC41A4E42D7B773900CCE729 /* XCRemoteSwiftPackageReference "firebase-ios-sdk" */ = {
			isa = XCRemoteSwiftPackageReference;
			repositoryURL = "https://github.com/firebase/firebase-ios-sdk";
			requirement = {
				kind = upToNextMajorVersion;
				minimumVersion = 11.9.0;
			};
		};
/* End XCRemoteSwiftPackageReference section */

/* Begin XCSwiftPackageProductDependency section */
		FC41A4E52D7B773900CCE729 /* FirebaseAnalytics */ = {
			isa = XCSwiftPackageProductDependency;
			package = FC41A4E42D7B773900CCE729 /* XCRemoteSwiftPackageReference "firebase-ios-sdk" */;
			productName = FirebaseAnalytics;
		};
		FC41A4E82D7B774F00CCE729 /* FirebaseAuth */ = {
			isa = XCSwiftPackageProductDependency;
			package = FC41A4E42D7B773900CCE729 /* XCRemoteSwiftPackageReference "firebase-ios-sdk" */;
			productName = FirebaseAuth;
		};
		FC41A4EA2D7B775500CCE729 /* FirebaseCore */ = {
			isa = XCSwiftPackageProductDependency;
			package = FC41A4E42D7B773900CCE729 /* XCRemoteSwiftPackageReference "firebase-ios-sdk" */;
			productName = FirebaseCore;
		};
		FC41A4EC2D7B775E00CCE729 /* FirebaseFirestore */ = {
			isa = XCSwiftPackageProductDependency;
			package = FC41A4E42D7B773900CCE729 /* XCRemoteSwiftPackageReference "firebase-ios-sdk" */;
			productName = FirebaseFirestore;
		};
/* End XCSwiftPackageProductDependency section */
	};
	rootObject = FC98DDA12D55A54C001DF1D4 /* Project object */;
}
