// !$*UTF8*$!
{
	archiveVersion = 1;
	classes = {
	};
	objectVersion = 77;
	objects = {

/* Begin PBXBuildFile section */
		E45A76092D65034B00A7DD1B /* GoogleService-Info.plist in Resources */ = {isa = PBXBuildFile; fileRef = E45A76082D65034B00A7DD1B /* GoogleService-Info.plist */; };
		E45A760D2D6504C200A7DD1B /* FirebaseAuth in Frameworks */ = {isa = PBXBuildFile; productRef = E45A760C2D6504C200A7DD1B /* FirebaseAuth */; };
		E45A760F2D6504C200A7DD1B /* FirebaseDatabase in Frameworks */ = {isa = PBXBuildFile; productRef = E45A760E2D6504C200A7DD1B /* FirebaseDatabase */; };
		E45A76112D6504D200A7DD1B /* FirebaseAnalytics in Frameworks */ = {isa = PBXBuildFile; productRef = E45A76102D6504D200A7DD1B /* FirebaseAnalytics */; };
		E45A76132D6504D200A7DD1B /* FirebaseFirestore in Frameworks */ = {isa = PBXBuildFile; productRef = E45A76122D6504D200A7DD1B /* FirebaseFirestore */; };
/* End PBXBuildFile section */

/* Begin PBXContainerItemProxy section */
		E40A394D2D568F3800DD6629 /* PBXContainerItemProxy */ = {
			isa = PBXContainerItemProxy;
			containerPortal = E40A39342D568F3700DD6629 /* Project object */;
			proxyType = 1;
			remoteGlobalIDString = E40A393B2D568F3700DD6629;
			remoteInfo = VideoSharingCommunity;
		};
		E40A39572D568F3800DD6629 /* PBXContainerItemProxy */ = {
			isa = PBXContainerItemProxy;
			containerPortal = E40A39342D568F3700DD6629 /* Project object */;
			proxyType = 1;
			remoteGlobalIDString = E40A393B2D568F3700DD6629;
			remoteInfo = VideoSharingCommunity;
		};
/* End PBXContainerItemProxy section */

/* Begin PBXFileReference section */
		E40A393C2D568F3700DD6629 /* VideoSharingCommunity.app */ = {isa = PBXFileReference; explicitFileType = wrapper.application; includeInIndex = 0; path = VideoSharingCommunity.app; sourceTree = BUILT_PRODUCTS_DIR; };
		E40A394C2D568F3800DD6629 /* VideoSharingCommunityTests.xctest */ = {isa = PBXFileReference; explicitFileType = wrapper.cfbundle; includeInIndex = 0; path = VideoSharingCommunityTests.xctest; sourceTree = BUILT_PRODUCTS_DIR; };
		E40A39562D568F3800DD6629 /* VideoSharingCommunityUITests.xctest */ = {isa = PBXFileReference; explicitFileType = wrapper.cfbundle; includeInIndex = 0; path = VideoSharingCommunityUITests.xctest; sourceTree = BUILT_PRODUCTS_DIR; };
		E45A76082D65034B00A7DD1B /* GoogleService-Info.plist */ = {isa = PBXFileReference; lastKnownFileType = text.plist.xml; path = "GoogleService-Info.plist"; sourceTree = "<group>"; };
/* End PBXFileReference section */

/* Begin PBXFileSystemSynchronizedRootGroup section */
		E40A393E2D568F3700DD6629 /* VideoSharingCommunity */ = {
			isa = PBXFileSystemSynchronizedRootGroup;
			path = VideoSharingCommunity;
			sourceTree = "<group>";
		};
		E40A394F2D568F3800DD6629 /* VideoSharingCommunityTests */ = {
			isa = PBXFileSystemSynchronizedRootGroup;
			path = VideoSharingCommunityTests;
			sourceTree = "<group>";
		};
		E40A39592D568F3800DD6629 /* VideoSharingCommunityUITests */ = {
			isa = PBXFileSystemSynchronizedRootGroup;
			path = VideoSharingCommunityUITests;
			sourceTree = "<group>";
		};
/* End PBXFileSystemSynchronizedRootGroup section */

/* Begin PBXFrameworksBuildPhase section */
		E40A39392D568F3700DD6629 /* Frameworks */ = {
			isa = PBXFrameworksBuildPhase;
			buildActionMask = 2147483647;
			files = (
				E45A760F2D6504C200A7DD1B /* FirebaseDatabase in Frameworks */,
				E45A76132D6504D200A7DD1B /* FirebaseFirestore in Frameworks */,
				E45A760D2D6504C200A7DD1B /* FirebaseAuth in Frameworks */,
				E45A76112D6504D200A7DD1B /* FirebaseAnalytics in Frameworks */,
			);
			runOnlyForDeploymentPostprocessing = 0;
		};
		E40A39492D568F3800DD6629 /* Frameworks */ = {
			isa = PBXFrameworksBuildPhase;
			buildActionMask = 2147483647;
			files = (
			);
			runOnlyForDeploymentPostprocessing = 0;
		};
		E40A39532D568F3800DD6629 /* Frameworks */ = {
			isa = PBXFrameworksBuildPhase;
			buildActionMask = 2147483647;
			files = (
			);
			runOnlyForDeploymentPostprocessing = 0;
		};
/* End PBXFrameworksBuildPhase section */

/* Begin PBXGroup section */
		E40A39332D568F3700DD6629 = {
			isa = PBXGroup;
			children = (
				E45A76082D65034B00A7DD1B /* GoogleService-Info.plist */,
				E40A393E2D568F3700DD6629 /* VideoSharingCommunity */,
				E40A394F2D568F3800DD6629 /* VideoSharingCommunityTests */,
				E40A39592D568F3800DD6629 /* VideoSharingCommunityUITests */,
				E45A760B2D6504C200A7DD1B /* Frameworks */,
				E40A393D2D568F3700DD6629 /* Products */,
			);
			sourceTree = "<group>";
		};
		E40A393D2D568F3700DD6629 /* Products */ = {
			isa = PBXGroup;
			children = (
				E40A393C2D568F3700DD6629 /* VideoSharingCommunity.app */,
				E40A394C2D568F3800DD6629 /* VideoSharingCommunityTests.xctest */,
				E40A39562D568F3800DD6629 /* VideoSharingCommunityUITests.xctest */,
			);
			name = Products;
			sourceTree = "<group>";
		};
		E45A760B2D6504C200A7DD1B /* Frameworks */ = {
			isa = PBXGroup;
			children = (
			);
			name = Frameworks;
			sourceTree = "<group>";
		};
/* End PBXGroup section */

/* Begin PBXNativeTarget section */
		E40A393B2D568F3700DD6629 /* VideoSharingCommunity */ = {
			isa = PBXNativeTarget;
			buildConfigurationList = E40A39602D568F3800DD6629 /* Build configuration list for PBXNativeTarget "VideoSharingCommunity" */;
			buildPhases = (
				E40A39382D568F3700DD6629 /* Sources */,
				E40A39392D568F3700DD6629 /* Frameworks */,
				E40A393A2D568F3700DD6629 /* Resources */,
			);
			buildRules = (
			);
			dependencies = (
			);
			fileSystemSynchronizedGroups = (
				E40A393E2D568F3700DD6629 /* VideoSharingCommunity */,
			);
			name = VideoSharingCommunity;
			packageProductDependencies = (
				E45A760C2D6504C200A7DD1B /* FirebaseAuth */,
				E45A760E2D6504C200A7DD1B /* FirebaseDatabase */,
				E45A76102D6504D200A7DD1B /* FirebaseAnalytics */,
				E45A76122D6504D200A7DD1B /* FirebaseFirestore */,
			);
			productName = VideoSharingCommunity;
			productReference = E40A393C2D568F3700DD6629 /* VideoSharingCommunity.app */;
			productType = "com.apple.product-type.application";
		};
		E40A394B2D568F3800DD6629 /* VideoSharingCommunityTests */ = {
			isa = PBXNativeTarget;
			buildConfigurationList = E40A39632D568F3800DD6629 /* Build configuration list for PBXNativeTarget "VideoSharingCommunityTests" */;
			buildPhases = (
				E40A39482D568F3800DD6629 /* Sources */,
				E40A39492D568F3800DD6629 /* Frameworks */,
				E40A394A2D568F3800DD6629 /* Resources */,
			);
			buildRules = (
			);
			dependencies = (
				E40A394E2D568F3800DD6629 /* PBXTargetDependency */,
			);
			fileSystemSynchronizedGroups = (
				E40A394F2D568F3800DD6629 /* VideoSharingCommunityTests */,
			);
			name = VideoSharingCommunityTests;
			packageProductDependencies = (
			);
			productName = VideoSharingCommunityTests;
			productReference = E40A394C2D568F3800DD6629 /* VideoSharingCommunityTests.xctest */;
			productType = "com.apple.product-type.bundle.unit-test";
		};
		E40A39552D568F3800DD6629 /* VideoSharingCommunityUITests */ = {
			isa = PBXNativeTarget;
			buildConfigurationList = E40A39662D568F3800DD6629 /* Build configuration list for PBXNativeTarget "VideoSharingCommunityUITests" */;
			buildPhases = (
				E40A39522D568F3800DD6629 /* Sources */,
				E40A39532D568F3800DD6629 /* Frameworks */,
				E40A39542D568F3800DD6629 /* Resources */,
			);
			buildRules = (
			);
			dependencies = (
				E40A39582D568F3800DD6629 /* PBXTargetDependency */,
			);
			fileSystemSynchronizedGroups = (
				E40A39592D568F3800DD6629 /* VideoSharingCommunityUITests */,
			);
			name = VideoSharingCommunityUITests;
			packageProductDependencies = (
			);
			productName = VideoSharingCommunityUITests;
			productReference = E40A39562D568F3800DD6629 /* VideoSharingCommunityUITests.xctest */;
			productType = "com.apple.product-type.bundle.ui-testing";
		};
/* End PBXNativeTarget section */

/* Begin PBXProject section */
		E40A39342D568F3700DD6629 /* Project object */ = {
			isa = PBXProject;
			attributes = {
				BuildIndependentTargetsInParallel = 1;
				LastSwiftUpdateCheck = 1620;
				LastUpgradeCheck = 1620;
				TargetAttributes = {
					E40A393B2D568F3700DD6629 = {
						CreatedOnToolsVersion = 16.2;
					};
					E40A394B2D568F3800DD6629 = {
						CreatedOnToolsVersion = 16.2;
						TestTargetID = E40A393B2D568F3700DD6629;
					};
					E40A39552D568F3800DD6629 = {
						CreatedOnToolsVersion = 16.2;
						TestTargetID = E40A393B2D568F3700DD6629;
					};
				};
			};
			buildConfigurationList = E40A39372D568F3700DD6629 /* Build configuration list for PBXProject "VideoSharingCommunity" */;
			developmentRegion = en;
			hasScannedForEncodings = 0;
			knownRegions = (
				en,
				Base,
			);
			mainGroup = E40A39332D568F3700DD6629;
			minimizedProjectReferenceProxies = 1;
			packageReferences = (
				E45A760A2D6504A300A7DD1B /* XCRemoteSwiftPackageReference "firebase-ios-sdk" */,
			);
			preferredProjectObjectVersion = 77;
			productRefGroup = E40A393D2D568F3700DD6629 /* Products */;
			projectDirPath = "";
			projectRoot = "";
			targets = (
				E40A393B2D568F3700DD6629 /* VideoSharingCommunity */,
				E40A394B2D568F3800DD6629 /* VideoSharingCommunityTests */,
				E40A39552D568F3800DD6629 /* VideoSharingCommunityUITests */,
			);
		};
/* End PBXProject section */

/* Begin PBXResourcesBuildPhase section */
		E40A393A2D568F3700DD6629 /* Resources */ = {
			isa = PBXResourcesBuildPhase;
			buildActionMask = 2147483647;
			files = (
				E45A76092D65034B00A7DD1B /* GoogleService-Info.plist in Resources */,
			);
			runOnlyForDeploymentPostprocessing = 0;
		};
		E40A394A2D568F3800DD6629 /* Resources */ = {
			isa = PBXResourcesBuildPhase;
			buildActionMask = 2147483647;
			files = (
			);
			runOnlyForDeploymentPostprocessing = 0;
		};
		E40A39542D568F3800DD6629 /* Resources */ = {
			isa = PBXResourcesBuildPhase;
			buildActionMask = 2147483647;
			files = (
			);
			runOnlyForDeploymentPostprocessing = 0;
		};
/* End PBXResourcesBuildPhase section */

/* Begin PBXSourcesBuildPhase section */
		E40A39382D568F3700DD6629 /* Sources */ = {
			isa = PBXSourcesBuildPhase;
			buildActionMask = 2147483647;
			files = (
			);
			runOnlyForDeploymentPostprocessing = 0;
		};
		E40A39482D568F3800DD6629 /* Sources */ = {
			isa = PBXSourcesBuildPhase;
			buildActionMask = 2147483647;
			files = (
			);
			runOnlyForDeploymentPostprocessing = 0;
		};
		E40A39522D568F3800DD6629 /* Sources */ = {
			isa = PBXSourcesBuildPhase;
			buildActionMask = 2147483647;
			files = (
			);
			runOnlyForDeploymentPostprocessing = 0;
		};
/* End PBXSourcesBuildPhase section */

/* Begin PBXTargetDependency section */
		E40A394E2D568F3800DD6629 /* PBXTargetDependency */ = {
			isa = PBXTargetDependency;
			target = E40A393B2D568F3700DD6629 /* VideoSharingCommunity */;
			targetProxy = E40A394D2D568F3800DD6629 /* PBXContainerItemProxy */;
		};
		E40A39582D568F3800DD6629 /* PBXTargetDependency */ = {
			isa = PBXTargetDependency;
			target = E40A393B2D568F3700DD6629 /* VideoSharingCommunity */;
			targetProxy = E40A39572D568F3800DD6629 /* PBXContainerItemProxy */;
		};
/* End PBXTargetDependency section */

/* Begin XCBuildConfiguration section */
		E40A395E2D568F3800DD6629 /* Debug */ = {
			isa = XCBuildConfiguration;
			buildSettings = {
				ALWAYS_SEARCH_USER_PATHS = NO;
				ASSETCATALOG_COMPILER_GENERATE_SWIFT_ASSET_SYMBOL_EXTENSIONS = YES;
				CLANG_ANALYZER_NONNULL = YES;
				CLANG_ANALYZER_NUMBER_OBJECT_CONVERSION = YES_AGGRESSIVE;
				CLANG_CXX_LANGUAGE_STANDARD = "gnu++20";
				CLANG_ENABLE_MODULES = YES;
				CLANG_ENABLE_OBJC_ARC = YES;
				CLANG_ENABLE_OBJC_WEAK = YES;
				CLANG_WARN_BLOCK_CAPTURE_AUTORELEASING = YES;
				CLANG_WARN_BOOL_CONVERSION = YES;
				CLANG_WARN_COMMA = YES;
				CLANG_WARN_CONSTANT_CONVERSION = YES;
				CLANG_WARN_DEPRECATED_OBJC_IMPLEMENTATIONS = YES;
				CLANG_WARN_DIRECT_OBJC_ISA_USAGE = YES_ERROR;
				CLANG_WARN_DOCUMENTATION_COMMENTS = YES;
				CLANG_WARN_EMPTY_BODY = YES;
				CLANG_WARN_ENUM_CONVERSION = YES;
				CLANG_WARN_INFINITE_RECURSION = YES;
				CLANG_WARN_INT_CONVERSION = YES;
				CLANG_WARN_NON_LITERAL_NULL_CONVERSION = YES;
				CLANG_WARN_OBJC_IMPLICIT_RETAIN_SELF = YES;
				CLANG_WARN_OBJC_LITERAL_CONVERSION = YES;
				CLANG_WARN_OBJC_ROOT_CLASS = YES_ERROR;
				CLANG_WARN_QUOTED_INCLUDE_IN_FRAMEWORK_HEADER = YES;
				CLANG_WARN_RANGE_LOOP_ANALYSIS = YES;
				CLANG_WARN_STRICT_PROTOTYPES = YES;
				CLANG_WARN_SUSPICIOUS_MOVE = YES;
				CLANG_WARN_UNGUARDED_AVAILABILITY = YES_AGGRESSIVE;
				CLANG_WARN_UNREACHABLE_CODE = YES;
				CLANG_WARN__DUPLICATE_METHOD_MATCH = YES;
				COPY_PHASE_STRIP = NO;
				DEBUG_INFORMATION_FORMAT = dwarf;
				ENABLE_STRICT_OBJC_MSGSEND = YES;
				ENABLE_TESTABILITY = YES;
				ENABLE_USER_SCRIPT_SANDBOXING = YES;
				GCC_C_LANGUAGE_STANDARD = gnu17;
				GCC_DYNAMIC_NO_PIC = NO;
				GCC_NO_COMMON_BLOCKS = YES;
				GCC_OPTIMIZATION_LEVEL = 0;
				GCC_PREPROCESSOR_DEFINITIONS = (
					"DEBUG=1",
					"$(inherited)",
				);
				GCC_WARN_64_TO_32_BIT_CONVERSION = YES;
				GCC_WARN_ABOUT_RETURN_TYPE = YES_ERROR;
				GCC_WARN_UNDECLARED_SELECTOR = YES;
				GCC_WARN_UNINITIALIZED_AUTOS = YES_AGGRESSIVE;
				GCC_WARN_UNUSED_FUNCTION = YES;
				GCC_WARN_UNUSED_VARIABLE = YES;
				IPHONEOS_DEPLOYMENT_TARGET = 18.2;
				LOCALIZATION_PREFERS_STRING_CATALOGS = YES;
				MTL_ENABLE_DEBUG_INFO = INCLUDE_SOURCE;
				MTL_FAST_MATH = YES;
				ONLY_ACTIVE_ARCH = YES;
				SDKROOT = iphoneos;
				SWIFT_ACTIVE_COMPILATION_CONDITIONS = "DEBUG $(inherited)";
				SWIFT_OPTIMIZATION_LEVEL = "-Onone";
			};
			name = Debug;
		};
		E40A395F2D568F3800DD6629 /* Release */ = {
			isa = XCBuildConfiguration;
			buildSettings = {
				ALWAYS_SEARCH_USER_PATHS = NO;
				ASSETCATALOG_COMPILER_GENERATE_SWIFT_ASSET_SYMBOL_EXTENSIONS = YES;
				CLANG_ANALYZER_NONNULL = YES;
				CLANG_ANALYZER_NUMBER_OBJECT_CONVERSION = YES_AGGRESSIVE;
				CLANG_CXX_LANGUAGE_STANDARD = "gnu++20";
				CLANG_ENABLE_MODULES = YES;
				CLANG_ENABLE_OBJC_ARC = YES;
				CLANG_ENABLE_OBJC_WEAK = YES;
				CLANG_WARN_BLOCK_CAPTURE_AUTORELEASING = YES;
				CLANG_WARN_BOOL_CONVERSION = YES;
				CLANG_WARN_COMMA = YES;
				CLANG_WARN_CONSTANT_CONVERSION = YES;
				CLANG_WARN_DEPRECATED_OBJC_IMPLEMENTATIONS = YES;
				CLANG_WARN_DIRECT_OBJC_ISA_USAGE = YES_ERROR;
				CLANG_WARN_DOCUMENTATION_COMMENTS = YES;
				CLANG_WARN_EMPTY_BODY = YES;
				CLANG_WARN_ENUM_CONVERSION = YES;
				CLANG_WARN_INFINITE_RECURSION = YES;
				CLANG_WARN_INT_CONVERSION = YES;
				CLANG_WARN_NON_LITERAL_NULL_CONVERSION = YES;
				CLANG_WARN_OBJC_IMPLICIT_RETAIN_SELF = YES;
				CLANG_WARN_OBJC_LITERAL_CONVERSION = YES;
				CLANG_WARN_OBJC_ROOT_CLASS = YES_ERROR;
				CLANG_WARN_QUOTED_INCLUDE_IN_FRAMEWORK_HEADER = YES;
				CLANG_WARN_RANGE_LOOP_ANALYSIS = YES;
				CLANG_WARN_STRICT_PROTOTYPES = YES;
				CLANG_WARN_SUSPICIOUS_MOVE = YES;
				CLANG_WARN_UNGUARDED_AVAILABILITY = YES_AGGRESSIVE;
				CLANG_WARN_UNREACHABLE_CODE = YES;
				CLANG_WARN__DUPLICATE_METHOD_MATCH = YES;
				COPY_PHASE_STRIP = NO;
				DEBUG_INFORMATION_FORMAT = "dwarf-with-dsym";
				ENABLE_NS_ASSERTIONS = NO;
				ENABLE_STRICT_OBJC_MSGSEND = YES;
				ENABLE_USER_SCRIPT_SANDBOXING = YES;
				GCC_C_LANGUAGE_STANDARD = gnu17;
				GCC_NO_COMMON_BLOCKS = YES;
				GCC_WARN_64_TO_32_BIT_CONVERSION = YES;
				GCC_WARN_ABOUT_RETURN_TYPE = YES_ERROR;
				GCC_WARN_UNDECLARED_SELECTOR = YES;
				GCC_WARN_UNINITIALIZED_AUTOS = YES_AGGRESSIVE;
				GCC_WARN_UNUSED_FUNCTION = YES;
				GCC_WARN_UNUSED_VARIABLE = YES;
				IPHONEOS_DEPLOYMENT_TARGET = 18.2;
				LOCALIZATION_PREFERS_STRING_CATALOGS = YES;
				MTL_ENABLE_DEBUG_INFO = NO;
				MTL_FAST_MATH = YES;
				SDKROOT = iphoneos;
				SWIFT_COMPILATION_MODE = wholemodule;
				VALIDATE_PRODUCT = YES;
			};
			name = Release;
		};
		E40A39612D568F3800DD6629 /* Debug */ = {
			isa = XCBuildConfiguration;
			buildSettings = {
				ASSETCATALOG_COMPILER_APPICON_NAME = AppIcon;
				ASSETCATALOG_COMPILER_GLOBAL_ACCENT_COLOR_NAME = AccentColor;
				CODE_SIGN_STYLE = Automatic;
				CURRENT_PROJECT_VERSION = 1;
				DEVELOPMENT_ASSET_PATHS = "\"VideoSharingCommunity/Preview Content\"";
				ENABLE_PREVIEWS = YES;
				GENERATE_INFOPLIST_FILE = YES;
				INFOPLIST_KEY_UIApplicationSceneManifest_Generation = YES;
				INFOPLIST_KEY_UIApplicationSupportsIndirectInputEvents = YES;
				INFOPLIST_KEY_UILaunchScreen_Generation = YES;
				INFOPLIST_KEY_UISupportedInterfaceOrientations_iPad = "UIInterfaceOrientationPortrait UIInterfaceOrientationPortraitUpsideDown UIInterfaceOrientationLandscapeLeft UIInterfaceOrientationLandscapeRight";
				INFOPLIST_KEY_UISupportedInterfaceOrientations_iPhone = "UIInterfaceOrientationPortrait UIInterfaceOrientationLandscapeLeft UIInterfaceOrientationLandscapeRight";
				LD_RUNPATH_SEARCH_PATHS = (
					"$(inherited)",
					"@executable_path/Frameworks",
				);
				MARKETING_VERSION = 1.0;
				PRODUCT_BUNDLE_IDENTIFIER = com.yijiajiang.VideoSharingCommunity;
				PRODUCT_NAME = "$(TARGET_NAME)";
				SWIFT_EMIT_LOC_STRINGS = YES;
				SWIFT_VERSION = 5.0;
				TARGETED_DEVICE_FAMILY = "1,2";
			};
			name = Debug;
		};
		E40A39622D568F3800DD6629 /* Release */ = {
			isa = XCBuildConfiguration;
			buildSettings = {
				ASSETCATALOG_COMPILER_APPICON_NAME = AppIcon;
				ASSETCATALOG_COMPILER_GLOBAL_ACCENT_COLOR_NAME = AccentColor;
				CODE_SIGN_STYLE = Automatic;
				CURRENT_PROJECT_VERSION = 1;
				DEVELOPMENT_ASSET_PATHS = "\"VideoSharingCommunity/Preview Content\"";
				ENABLE_PREVIEWS = YES;
				GENERATE_INFOPLIST_FILE = YES;
				INFOPLIST_KEY_UIApplicationSceneManifest_Generation = YES;
				INFOPLIST_KEY_UIApplicationSupportsIndirectInputEvents = YES;
				INFOPLIST_KEY_UILaunchScreen_Generation = YES;
				INFOPLIST_KEY_UISupportedInterfaceOrientations_iPad = "UIInterfaceOrientationPortrait UIInterfaceOrientationPortraitUpsideDown UIInterfaceOrientationLandscapeLeft UIInterfaceOrientationLandscapeRight";
				INFOPLIST_KEY_UISupportedInterfaceOrientations_iPhone = "UIInterfaceOrientationPortrait UIInterfaceOrientationLandscapeLeft UIInterfaceOrientationLandscapeRight";
				LD_RUNPATH_SEARCH_PATHS = (
					"$(inherited)",
					"@executable_path/Frameworks",
				);
				MARKETING_VERSION = 1.0;
				PRODUCT_BUNDLE_IDENTIFIER = com.yijiajiang.VideoSharingCommunity;
				PRODUCT_NAME = "$(TARGET_NAME)";
				SWIFT_EMIT_LOC_STRINGS = YES;
				SWIFT_VERSION = 5.0;
				TARGETED_DEVICE_FAMILY = "1,2";
			};
			name = Release;
		};
		E40A39642D568F3800DD6629 /* Debug */ = {
			isa = XCBuildConfiguration;
			buildSettings = {
				BUNDLE_LOADER = "$(TEST_HOST)";
				CODE_SIGN_STYLE = Automatic;
				CURRENT_PROJECT_VERSION = 1;
				GENERATE_INFOPLIST_FILE = YES;
				IPHONEOS_DEPLOYMENT_TARGET = 18.2;
				MARKETING_VERSION = 1.0;
				PRODUCT_BUNDLE_IDENTIFIER = com.yijiajiang.VideoSharingCommunityTests;
				PRODUCT_NAME = "$(TARGET_NAME)";
				SWIFT_EMIT_LOC_STRINGS = NO;
				SWIFT_VERSION = 5.0;
				TARGETED_DEVICE_FAMILY = "1,2";
				TEST_HOST = "$(BUILT_PRODUCTS_DIR)/VideoSharingCommunity.app/$(BUNDLE_EXECUTABLE_FOLDER_PATH)/VideoSharingCommunity";
			};
			name = Debug;
		};
		E40A39652D568F3800DD6629 /* Release */ = {
			isa = XCBuildConfiguration;
			buildSettings = {
				BUNDLE_LOADER = "$(TEST_HOST)";
				CODE_SIGN_STYLE = Automatic;
				CURRENT_PROJECT_VERSION = 1;
				GENERATE_INFOPLIST_FILE = YES;
				IPHONEOS_DEPLOYMENT_TARGET = 18.2;
				MARKETING_VERSION = 1.0;
				PRODUCT_BUNDLE_IDENTIFIER = com.yijiajiang.VideoSharingCommunityTests;
				PRODUCT_NAME = "$(TARGET_NAME)";
				SWIFT_EMIT_LOC_STRINGS = NO;
				SWIFT_VERSION = 5.0;
				TARGETED_DEVICE_FAMILY = "1,2";
				TEST_HOST = "$(BUILT_PRODUCTS_DIR)/VideoSharingCommunity.app/$(BUNDLE_EXECUTABLE_FOLDER_PATH)/VideoSharingCommunity";
			};
			name = Release;
		};
		E40A39672D568F3800DD6629 /* Debug */ = {
			isa = XCBuildConfiguration;
			buildSettings = {
				CODE_SIGN_STYLE = Automatic;
				CURRENT_PROJECT_VERSION = 1;
				GENERATE_INFOPLIST_FILE = YES;
				MARKETING_VERSION = 1.0;
				PRODUCT_BUNDLE_IDENTIFIER = com.yijiajiang.VideoSharingCommunityUITests;
				PRODUCT_NAME = "$(TARGET_NAME)";
				SWIFT_EMIT_LOC_STRINGS = NO;
				SWIFT_VERSION = 5.0;
				TARGETED_DEVICE_FAMILY = "1,2";
				TEST_TARGET_NAME = VideoSharingCommunity;
			};
			name = Debug;
		};
		E40A39682D568F3800DD6629 /* Release */ = {
			isa = XCBuildConfiguration;
			buildSettings = {
				CODE_SIGN_STYLE = Automatic;
				CURRENT_PROJECT_VERSION = 1;
				GENERATE_INFOPLIST_FILE = YES;
				MARKETING_VERSION = 1.0;
				PRODUCT_BUNDLE_IDENTIFIER = com.yijiajiang.VideoSharingCommunityUITests;
				PRODUCT_NAME = "$(TARGET_NAME)";
				SWIFT_EMIT_LOC_STRINGS = NO;
				SWIFT_VERSION = 5.0;
				TARGETED_DEVICE_FAMILY = "1,2";
				TEST_TARGET_NAME = VideoSharingCommunity;
			};
			name = Release;
		};
/* End XCBuildConfiguration section */

/* Begin XCConfigurationList section */
		E40A39372D568F3700DD6629 /* Build configuration list for PBXProject "VideoSharingCommunity" */ = {
			isa = XCConfigurationList;
			buildConfigurations = (
				E40A395E2D568F3800DD6629 /* Debug */,
				E40A395F2D568F3800DD6629 /* Release */,
			);
			defaultConfigurationIsVisible = 0;
			defaultConfigurationName = Release;
		};
		E40A39602D568F3800DD6629 /* Build configuration list for PBXNativeTarget "VideoSharingCommunity" */ = {
			isa = XCConfigurationList;
			buildConfigurations = (
				E40A39612D568F3800DD6629 /* Debug */,
				E40A39622D568F3800DD6629 /* Release */,
			);
			defaultConfigurationIsVisible = 0;
			defaultConfigurationName = Release;
		};
		E40A39632D568F3800DD6629 /* Build configuration list for PBXNativeTarget "VideoSharingCommunityTests" */ = {
			isa = XCConfigurationList;
			buildConfigurations = (
				E40A39642D568F3800DD6629 /* Debug */,
				E40A39652D568F3800DD6629 /* Release */,
			);
			defaultConfigurationIsVisible = 0;
			defaultConfigurationName = Release;
		};
		E40A39662D568F3800DD6629 /* Build configuration list for PBXNativeTarget "VideoSharingCommunityUITests" */ = {
			isa = XCConfigurationList;
			buildConfigurations = (
				E40A39672D568F3800DD6629 /* Debug */,
				E40A39682D568F3800DD6629 /* Release */,
			);
			defaultConfigurationIsVisible = 0;
			defaultConfigurationName = Release;
		};
/* End XCConfigurationList section */

/* Begin XCRemoteSwiftPackageReference section */
		E45A760A2D6504A300A7DD1B /* XCRemoteSwiftPackageReference "firebase-ios-sdk" */ = {
			isa = XCRemoteSwiftPackageReference;
			repositoryURL = "https://github.com/firebase/firebase-ios-sdk";
			requirement = {
				kind = upToNextMajorVersion;
				minimumVersion = 11.8.1;
			};
		};
/* End XCRemoteSwiftPackageReference section */

/* Begin XCSwiftPackageProductDependency section */
		E45A760C2D6504C200A7DD1B /* FirebaseAuth */ = {
			isa = XCSwiftPackageProductDependency;
			package = E45A760A2D6504A300A7DD1B /* XCRemoteSwiftPackageReference "firebase-ios-sdk" */;
			productName = FirebaseAuth;
		};
		E45A760E2D6504C200A7DD1B /* FirebaseDatabase */ = {
			isa = XCSwiftPackageProductDependency;
			package = E45A760A2D6504A300A7DD1B /* XCRemoteSwiftPackageReference "firebase-ios-sdk" */;
			productName = FirebaseDatabase;
		};
		E45A76102D6504D200A7DD1B /* FirebaseAnalytics */ = {
			isa = XCSwiftPackageProductDependency;
			package = E45A760A2D6504A300A7DD1B /* XCRemoteSwiftPackageReference "firebase-ios-sdk" */;
			productName = FirebaseAnalytics;
		};
		E45A76122D6504D200A7DD1B /* FirebaseFirestore */ = {
			isa = XCSwiftPackageProductDependency;
			package = E45A760A2D6504A300A7DD1B /* XCRemoteSwiftPackageReference "firebase-ios-sdk" */;
			productName = FirebaseFirestore;
		};
/* End XCSwiftPackageProductDependency section */
	};
	rootObject = E40A39342D568F3700DD6629 /* Project object */;
}
